<?xml version="1.0" encoding="utf-8"?>
<Project ToolsVersion="4.0" xmlns="http://schemas.microsoft.com/developer/msbuild/2003">
  <ItemGroup>
    <Filter Include="Quelldateien">
      <UniqueIdentifier>{4FC737F1-C7A5-4376-A066-2A32D752A2FF}</UniqueIdentifier>
      <Extensions>cpp;c;cc;cxx;c++;cppm;ixx;def;odl;idl;hpj;bat;asm;asmx</Extensions>
    </Filter>
    <Filter Include="Headerdateien">
      <UniqueIdentifier>{93995380-89BD-4b04-88EB-625FBE52EBFB}</UniqueIdentifier>
      <Extensions>h;hh;hpp;hxx;h++;hm;inl;inc;ipp;xsd</Extensions>
    </Filter>
    <Filter Include="Ressourcendateien">
      <UniqueIdentifier>{67DA6AB6-F800-4c08-8B7A-83BB121AAD01}</UniqueIdentifier>
      <Extensions>rc;ico;cur;bmp;dlg;rc2;rct;bin;rgs;gif;jpg;jpeg;jpe;resx;tiff;tif;png;wav;mfcribbon-ms</Extensions>
    </Filter>
    <Filter Include="Headerdateien\opengl">
      <UniqueIdentifier>{2526d603-90bd-442b-a9f8-7ef5a3a1b239}</UniqueIdentifier>
    </Filter>
    <Filter Include="Headerdateien\math">
      <UniqueIdentifier>{f5466b94-195e-450c-8174-eb6f2538bed5}</UniqueIdentifier>
    </Filter>
    <Filter Include="Ressourcendateien\opengl">
      <UniqueIdentifier>{eae3c350-8785-4292-87d9-57966b921ed7}</UniqueIdentifier>
    </Filter>
    <Filter Include="Ressourcendateien\math">
      <UniqueIdentifier>{0c7e1bf8-f867-494d-9a32-6ee8492940e2}</UniqueIdentifier>
    </Filter>
  </ItemGroup>
  <ItemGroup>
    <ClCompile Include="LukioBros.cpp">
      <Filter>Ressourcendateien</Filter>
    </ClCompile>
    <ClCompile Include="Window.cpp">
      <Filter>Ressourcendateien</Filter>
    </ClCompile>
    <ClCompile Include="Context.cpp">
      <Filter>Ressourcendateien</Filter>
    </ClCompile>
    <ClCompile Include="Input.cpp">
      <Filter>Ressourcendateien</Filter>
    </ClCompile>
    <ClCompile Include="Mesh.cpp">
      <Filter>Ressourcendateien\opengl</Filter>
    </ClCompile>
    <ClCompile Include="Shader.cpp">
      <Filter>Ressourcendateien\opengl</Filter>
    </ClCompile>
    <ClCompile Include="Vector2f.cpp">
      <Filter>Ressourcendateien\math</Filter>
    </ClCompile>
    <ClCompile Include="Texture.cpp">
      <Filter>Ressourcendateien\opengl</Filter>
    </ClCompile>
    <ClCompile Include="Vector3f.cpp">
      <Filter>Ressourcendateien\math</Filter>
    </ClCompile>
    <ClCompile Include="Animation.cpp">
      <Filter>Ressourcendateien\opengl</Filter>
    </ClCompile>
  </ItemGroup>
  <ItemGroup>
    <ClInclude Include="Log.h">
      <Filter>Headerdateien</Filter>
    </ClInclude>
    <ClInclude Include="Core.h">
      <Filter>Headerdateien</Filter>
    </ClInclude>
    <ClInclude Include="Window.h">
      <Filter>Headerdateien</Filter>
    </ClInclude>
    <ClInclude Include="Context.h">
      <Filter>Headerdateien</Filter>
    </ClInclude>
    <ClInclude Include="Input.h">
      <Filter>Headerdateien</Filter>
    </ClInclude>
    <ClInclude Include="Mesh.h">
      <Filter>Headerdateien\opengl</Filter>
    </ClInclude>
    <ClInclude Include="Texture.h">
      <Filter>Headerdateien\opengl</Filter>
    </ClInclude>
    <ClInclude Include="Shader.h">
      <Filter>Headerdateien\opengl</Filter>
    </ClInclude>
    <ClInclude Include="stb_image\stb_image.h">
      <Filter>Headerdateien</Filter>
    </ClInclude>
    <ClInclude Include="Vector2f.h">
      <Filter>Headerdateien\math</Filter>
    </ClInclude>
    <ClInclude Include="Math.h">
      <Filter>Headerdateien\math</Filter>
    </ClInclude>
    <ClInclude Include="Vector3f.h">
      <Filter>Headerdateien\math</Filter>
    </ClInclude>
    <ClInclude Include="Animation.h">
      <Filter>Headerdateien\opengl</Filter>
    </ClInclude>
  </ItemGroup>
  <ItemGroup>
    <None Include="assets\animationShader\vertexShader.glsl" />
    <None Include="assets\animationShader\fragmentShader.glsl" />
  </ItemGroup>
</Project>